// !$*UTF8*$!
{
	archiveVersion = 1;
	classes = {
	};
	objectVersion = 77;
	objects = {

/* Begin PBXBuildFile section */
		A1000001229F0001 /* HTGApp.swift in Sources */ = {isa = PBXBuildFile; fileRef = A1000011229F0001 /* HTGApp.swift */; };
		A1000002229F0002 /* ContentView.swift in Sources */ = {isa = PBXBuildFile; fileRef = A1000012229F0002 /* ContentView.swift */; };
		A1000003229F0003 /* Assets.xcassets in Resources */ = {isa = PBXBuildFile; fileRef = A1000013229F0003 /* Assets.xcassets */; };
		A1000004229F0004 /* HTGTests.swift in Sources */ = {isa = PBXBuildFile; fileRef = A1000014229F0004 /* HTGTests.swift */; };
		A1000005229F0005 /* HTGUITests.swift in Sources */ = {isa = PBXBuildFile; fileRef = A1000015229F0005 /* HTGUITests.swift */; };
		A1000006229F0006 /* HTGUITestsLaunchTests.swift in Sources */ = {isa = PBXBuildFile; fileRef = A1000016229F0006 /* HTGUITestsLaunchTests.swift */; };
		B1000001229F0001 /* Club.swift in Sources */ = {isa = PBXBuildFile; fileRef = B1000011229F0001 /* Club.swift */; };
		B1000002229F0002 /* ShotType.swift in Sources */ = {isa = PBXBuildFile; fileRef = B1000012229F0002 /* ShotType.swift */; };
		B1000003229F0003 /* RangeSession.swift in Sources */ = {isa = PBXBuildFile; fileRef = B1000013229F0003 /* RangeSession.swift */; };
		B1000004229F0004 /* Shot.swift in Sources */ = {isa = PBXBuildFile; fileRef = B1000014229F0004 /* Shot.swift */; };
		B1000005229F0005 /* StoredShotType.swift in Sources */ = {isa = PBXBuildFile; fileRef = B1000015229F0005 /* StoredShotType.swift */; };
		B1000006229F0006 /* UserProfile.swift in Sources */ = {isa = PBXBuildFile; fileRef = B1000016229F0006 /* UserProfile.swift */; };
		B1000007229F0007 /* ShotRecommendation.swift in Sources */ = {isa = PBXBuildFile; fileRef = B1000017229F0007 /* ShotRecommendation.swift */; };
		B1000008229F0008 /* RangeStats.swift in Sources */ = {isa = PBXBuildFile; fileRef = B1000018229F0008 /* RangeStats.swift */; };
		C1000001229F0001 /* ClubDataService.swift in Sources */ = {isa = PBXBuildFile; fileRef = C1000011229F0001 /* ClubDataService.swift */; };
		C1000002229F0002 /* ClubDataServiceTests.swift in Sources */ = {isa = PBXBuildFile; fileRef = C1000012229F0002 /* ClubDataServiceTests.swift */; };
		C1000003229F0003 /* ShotRecommendationService.swift in Sources */ = {isa = PBXBuildFile; fileRef = C1000013229F0003 /* ShotRecommendationService.swift */; };
		C1000004229F0004 /* ShotRecommendationServiceTests.swift in Sources */ = {isa = PBXBuildFile; fileRef = C1000014229F0004 /* ShotRecommendationServiceTests.swift */; };
		C1000005229F0005 /* RangeDataService.swift in Sources */ = {isa = PBXBuildFile; fileRef = C1000015229F0005 /* RangeDataService.swift */; };
		C1000006229F0006 /* RangeDataServiceTests.swift in Sources */ = {isa = PBXBuildFile; fileRef = C1000016229F0006 /* RangeDataServiceTests.swift */; };
		C1000007229F0007 /* ProfileDataService.swift in Sources */ = {isa = PBXBuildFile; fileRef = C1000017229F0007 /* ProfileDataService.swift */; };
		C1000008229F0008 /* ProfileDataServiceTests.swift in Sources */ = {isa = PBXBuildFile; fileRef = C1000018229F0008 /* ProfileDataServiceTests.swift */; };
		C1000009229F0009 /* SpeechRecognitionService.swift in Sources */ = {isa = PBXBuildFile; fileRef = C1000019229F0009 /* SpeechRecognitionService.swift */; };
		C100000A229F000A /* SpeechRecognitionServiceTests.swift in Sources */ = {isa = PBXBuildFile; fileRef = C100001A229F000A /* SpeechRecognitionServiceTests.swift */; };
		C100000B229F000B /* ClubDistanceResolver.swift in Sources */ = {isa = PBXBuildFile; fileRef = C100001B229F000B /* ClubDistanceResolver.swift */; };
		C100000C229F000C /* ClubDistanceResolverTests.swift in Sources */ = {isa = PBXBuildFile; fileRef = C100001C229F000C /* ClubDistanceResolverTests.swift */; };
		D1000001229F0001 /* ClubManager.swift in Sources */ = {isa = PBXBuildFile; fileRef = D1000011229F0001 /* ClubManager.swift */; };
		D1000002229F0002 /* RangeManager.swift in Sources */ = {isa = PBXBuildFile; fileRef = D1000012229F0002 /* RangeManager.swift */; };
		D1000003229F0003 /* ProfileManager.swift in Sources */ = {isa = PBXBuildFile; fileRef = D1000013229F0003 /* ProfileManager.swift */; };
		D1000004229F0004 /* GolfModeViewModel.swift in Sources */ = {isa = PBXBuildFile; fileRef = D1000014229F0004 /* GolfModeViewModel.swift */; };
		E1000001229F0001 /* ClubListView.swift in Sources */ = {isa = PBXBuildFile; fileRef = E1000011229F0001 /* ClubListView.swift */; };
		E1000002229F0002 /* GolfModeView.swift in Sources */ = {isa = PBXBuildFile; fileRef = E1000012229F0002 /* GolfModeView.swift */; };
		E1000003229F0003 /* RangeModeView.swift in Sources */ = {isa = PBXBuildFile; fileRef = E1000013229F0003 /* RangeModeView.swift */; };
		E1000004229F0004 /* ProfileView.swift in Sources */ = {isa = PBXBuildFile; fileRef = E1000014229F0004 /* ProfileView.swift */; };
		F1000001229F0001 /* SelectedClubShot.swift in Sources */ = {isa = PBXBuildFile; fileRef = F1000011229F0001 /* SelectedClubShot.swift */; };
		F1000002229F0002 /* LadderEntry.swift in Sources */ = {isa = PBXBuildFile; fileRef = F1000012229F0002 /* LadderEntry.swift */; };
		F1000003229F0003 /* GolfModeViewModelTests.swift in Sources */ = {isa = PBXBuildFile; fileRef = F1000013229F0003 /* GolfModeViewModelTests.swift */; };
		F1000004229F0004 /* AppSettings.swift in Sources */ = {isa = PBXBuildFile; fileRef = F1000014229F0004 /* AppSettings.swift */; };
		F1000005229F0005 /* AppSettingsService.swift in Sources */ = {isa = PBXBuildFile; fileRef = F1000015229F0005 /* AppSettingsService.swift */; };
		F1000006229F0006 /* AppSettingsServiceTests.swift in Sources */ = {isa = PBXBuildFile; fileRef = F1000016229F0006 /* AppSettingsServiceTests.swift */; };
		G1000001229F0001 /* JournalTheme.swift in Sources */ = {isa = PBXBuildFile; fileRef = G1000011229F0001 /* JournalTheme.swift */; };
		G1000002229F0002 /* LeatherBackground.swift in Sources */ = {isa = PBXBuildFile; fileRef = G1000012229F0002 /* LeatherBackground.swift */; };
		G1000003229F0003 /* AgedPaperBackground.swift in Sources */ = {isa = PBXBuildFile; fileRef = G1000013229F0003 /* AgedPaperBackground.swift */; };
		G1000004229F0004 /* RedMarkerCircle.swift in Sources */ = {isa = PBXBuildFile; fileRef = G1000014229F0004 /* RedMarkerCircle.swift */; };
		H1000001229F0001 /* YardageDisplayView.swift in Sources */ = {isa = PBXBuildFile; fileRef = H1000011229F0001 /* YardageDisplayView.swift */; };
		H1000002229F0002 /* ClubShotBadgeView.swift in Sources */ = {isa = PBXBuildFile; fileRef = H1000012229F0002 /* ClubShotBadgeView.swift */; };
		H1000003229F0003 /* ResetIndicatorView.swift in Sources */ = {isa = PBXBuildFile; fileRef = H1000013229F0003 /* ResetIndicatorView.swift */; };
		H1000004229F0004 /* LadderTickMarkView.swift in Sources */ = {isa = PBXBuildFile; fileRef = H1000014229F0004 /* LadderTickMarkView.swift */; };
		H1000005229F0005 /* LadderClubMarkerView.swift in Sources */ = {isa = PBXBuildFile; fileRef = H1000015229F0005 /* LadderClubMarkerView.swift */; };
		H1000006229F0006 /* YardageLadderView.swift in Sources */ = {isa = PBXBuildFile; fileRef = H1000016229F0006 /* YardageLadderView.swift */; };
		H1000007229F0007 /* YardageBookPageView.swift in Sources */ = {isa = PBXBuildFile; fileRef = H1000017229F0007 /* YardageBookPageView.swift */; };
		I1000001229F0001 /* JournalCoverView.swift in Sources */ = {isa = PBXBuildFile; fileRef = I1000011229F0001 /* JournalCoverView.swift */; };
		I1000002229F0002 /* JournalOpeningAnimationView.swift in Sources */ = {isa = PBXBuildFile; fileRef = I1000012229F0002 /* JournalOpeningAnimationView.swift */; };
		I1000003229F0003 /* AppLaunchViewModel.swift in Sources */ = {isa = PBXBuildFile; fileRef = I1000013229F0003 /* AppLaunchViewModel.swift */; };
		J1000001229F0001 /* NicknameGenerator.swift in Sources */ = {isa = PBXBuildFile; fileRef = J1000011229F0001 /* NicknameGenerator.swift */; };
		J1000002229F0002 /* NicknameGeneratorTests.swift in Sources */ = {isa = PBXBuildFile; fileRef = J1000012229F0002 /* NicknameGeneratorTests.swift */; };
/* End PBXBuildFile section */

/* Begin PBXContainerItemProxy section */
		A1000020229F0020 /* PBXContainerItemProxy */ = {
			isa = PBXContainerItemProxy;
			containerPortal = A1000100229F0100 /* Project object */;
			proxyType = 1;
			remoteGlobalIDString = A1000200229F0200;
			remoteInfo = HTG;
		};
		A1000021229F0021 /* PBXContainerItemProxy */ = {
			isa = PBXContainerItemProxy;
			containerPortal = A1000100229F0100 /* Project object */;
			proxyType = 1;
			remoteGlobalIDString = A1000200229F0200;
			remoteInfo = HTG;
		};
/* End PBXContainerItemProxy section */

/* Begin PBXFileReference section */
		A1000011229F0001 /* HTGApp.swift */ = {isa = PBXFileReference; lastKnownFileType = sourcecode.swift; path = HTGApp.swift; sourceTree = "<group>"; };
		A1000012229F0002 /* ContentView.swift */ = {isa = PBXFileReference; lastKnownFileType = sourcecode.swift; path = ContentView.swift; sourceTree = "<group>"; };
		A1000013229F0003 /* Assets.xcassets */ = {isa = PBXFileReference; lastKnownFileType = folder.assetcatalog; path = Assets.xcassets; sourceTree = "<group>"; };
		A1000014229F0004 /* HTGTests.swift */ = {isa = PBXFileReference; lastKnownFileType = sourcecode.swift; path = HTGTests.swift; sourceTree = "<group>"; };
		A1000015229F0005 /* HTGUITests.swift */ = {isa = PBXFileReference; lastKnownFileType = sourcecode.swift; path = HTGUITests.swift; sourceTree = "<group>"; };
		A1000016229F0006 /* HTGUITestsLaunchTests.swift */ = {isa = PBXFileReference; lastKnownFileType = sourcecode.swift; path = HTGUITestsLaunchTests.swift; sourceTree = "<group>"; };
		A1000201229F0201 /* HTG.app */ = {isa = PBXFileReference; explicitFileType = wrapper.application; includeInIndex = 0; path = HTG.app; sourceTree = BUILT_PRODUCTS_DIR; };
		A1000301229F0301 /* HTGTests.xctest */ = {isa = PBXFileReference; explicitFileType = wrapper.cfbundle; includeInIndex = 0; path = HTGTests.xctest; sourceTree = BUILT_PRODUCTS_DIR; };
		A1000401229F0401 /* HTGUITests.xctest */ = {isa = PBXFileReference; explicitFileType = wrapper.cfbundle; includeInIndex = 0; path = HTGUITests.xctest; sourceTree = BUILT_PRODUCTS_DIR; };
		B1000011229F0001 /* Club.swift */ = {isa = PBXFileReference; lastKnownFileType = sourcecode.swift; path = Club.swift; sourceTree = "<group>"; };
		B1000012229F0002 /* ShotType.swift */ = {isa = PBXFileReference; lastKnownFileType = sourcecode.swift; path = ShotType.swift; sourceTree = "<group>"; };
		B1000013229F0003 /* RangeSession.swift */ = {isa = PBXFileReference; lastKnownFileType = sourcecode.swift; path = RangeSession.swift; sourceTree = "<group>"; };
		B1000014229F0004 /* Shot.swift */ = {isa = PBXFileReference; lastKnownFileType = sourcecode.swift; path = Shot.swift; sourceTree = "<group>"; };
		B1000015229F0005 /* StoredShotType.swift */ = {isa = PBXFileReference; lastKnownFileType = sourcecode.swift; path = StoredShotType.swift; sourceTree = "<group>"; };
		B1000016229F0006 /* UserProfile.swift */ = {isa = PBXFileReference; lastKnownFileType = sourcecode.swift; path = UserProfile.swift; sourceTree = "<group>"; };
		B1000017229F0007 /* ShotRecommendation.swift */ = {isa = PBXFileReference; lastKnownFileType = sourcecode.swift; path = ShotRecommendation.swift; sourceTree = "<group>"; };
		B1000018229F0008 /* RangeStats.swift */ = {isa = PBXFileReference; lastKnownFileType = sourcecode.swift; path = RangeStats.swift; sourceTree = "<group>"; };
		C1000011229F0001 /* ClubDataService.swift */ = {isa = PBXFileReference; lastKnownFileType = sourcecode.swift; path = ClubDataService.swift; sourceTree = "<group>"; };
		C1000012229F0002 /* ClubDataServiceTests.swift */ = {isa = PBXFileReference; lastKnownFileType = sourcecode.swift; path = ClubDataServiceTests.swift; sourceTree = "<group>"; };
		C1000013229F0003 /* ShotRecommendationService.swift */ = {isa = PBXFileReference; lastKnownFileType = sourcecode.swift; path = ShotRecommendationService.swift; sourceTree = "<group>"; };
		C1000014229F0004 /* ShotRecommendationServiceTests.swift */ = {isa = PBXFileReference; lastKnownFileType = sourcecode.swift; path = ShotRecommendationServiceTests.swift; sourceTree = "<group>"; };
		C1000015229F0005 /* RangeDataService.swift */ = {isa = PBXFileReference; lastKnownFileType = sourcecode.swift; path = RangeDataService.swift; sourceTree = "<group>"; };
		C1000016229F0006 /* RangeDataServiceTests.swift */ = {isa = PBXFileReference; lastKnownFileType = sourcecode.swift; path = RangeDataServiceTests.swift; sourceTree = "<group>"; };
		C1000017229F0007 /* ProfileDataService.swift */ = {isa = PBXFileReference; lastKnownFileType = sourcecode.swift; path = ProfileDataService.swift; sourceTree = "<group>"; };
		C1000018229F0008 /* ProfileDataServiceTests.swift */ = {isa = PBXFileReference; lastKnownFileType = sourcecode.swift; path = ProfileDataServiceTests.swift; sourceTree = "<group>"; };
		C1000019229F0009 /* SpeechRecognitionService.swift */ = {isa = PBXFileReference; lastKnownFileType = sourcecode.swift; path = SpeechRecognitionService.swift; sourceTree = "<group>"; };
		C100001A229F000A /* SpeechRecognitionServiceTests.swift */ = {isa = PBXFileReference; lastKnownFileType = sourcecode.swift; path = SpeechRecognitionServiceTests.swift; sourceTree = "<group>"; };
		C100001B229F000B /* ClubDistanceResolver.swift */ = {isa = PBXFileReference; lastKnownFileType = sourcecode.swift; path = ClubDistanceResolver.swift; sourceTree = "<group>"; };
		C100001C229F000C /* ClubDistanceResolverTests.swift */ = {isa = PBXFileReference; lastKnownFileType = sourcecode.swift; path = ClubDistanceResolverTests.swift; sourceTree = "<group>"; };
		D1000011229F0001 /* ClubManager.swift */ = {isa = PBXFileReference; lastKnownFileType = sourcecode.swift; path = ClubManager.swift; sourceTree = "<group>"; };
		D1000012229F0002 /* RangeManager.swift */ = {isa = PBXFileReference; lastKnownFileType = sourcecode.swift; path = RangeManager.swift; sourceTree = "<group>"; };
		D1000013229F0003 /* ProfileManager.swift */ = {isa = PBXFileReference; lastKnownFileType = sourcecode.swift; path = ProfileManager.swift; sourceTree = "<group>"; };
		D1000014229F0004 /* GolfModeViewModel.swift */ = {isa = PBXFileReference; lastKnownFileType = sourcecode.swift; path = GolfModeViewModel.swift; sourceTree = "<group>"; };
		E1000011229F0001 /* ClubListView.swift */ = {isa = PBXFileReference; lastKnownFileType = sourcecode.swift; path = ClubListView.swift; sourceTree = "<group>"; };
		E1000012229F0002 /* GolfModeView.swift */ = {isa = PBXFileReference; lastKnownFileType = sourcecode.swift; path = GolfModeView.swift; sourceTree = "<group>"; };
		E1000013229F0003 /* RangeModeView.swift */ = {isa = PBXFileReference; lastKnownFileType = sourcecode.swift; path = RangeModeView.swift; sourceTree = "<group>"; };
		E1000014229F0004 /* ProfileView.swift */ = {isa = PBXFileReference; lastKnownFileType = sourcecode.swift; path = ProfileView.swift; sourceTree = "<group>"; };
		F1000011229F0001 /* SelectedClubShot.swift */ = {isa = PBXFileReference; lastKnownFileType = sourcecode.swift; path = SelectedClubShot.swift; sourceTree = "<group>"; };
		F1000012229F0002 /* LadderEntry.swift */ = {isa = PBXFileReference; lastKnownFileType = sourcecode.swift; path = LadderEntry.swift; sourceTree = "<group>"; };
		F1000013229F0003 /* GolfModeViewModelTests.swift */ = {isa = PBXFileReference; lastKnownFileType = sourcecode.swift; path = GolfModeViewModelTests.swift; sourceTree = "<group>"; };
		F1000014229F0004 /* AppSettings.swift */ = {isa = PBXFileReference; lastKnownFileType = sourcecode.swift; path = AppSettings.swift; sourceTree = "<group>"; };
		F1000015229F0005 /* AppSettingsService.swift */ = {isa = PBXFileReference; lastKnownFileType = sourcecode.swift; path = AppSettingsService.swift; sourceTree = "<group>"; };
		F1000016229F0006 /* AppSettingsServiceTests.swift */ = {isa = PBXFileReference; lastKnownFileType = sourcecode.swift; path = AppSettingsServiceTests.swift; sourceTree = "<group>"; };
		G1000011229F0001 /* JournalTheme.swift */ = {isa = PBXFileReference; lastKnownFileType = sourcecode.swift; path = JournalTheme.swift; sourceTree = "<group>"; };
		G1000012229F0002 /* LeatherBackground.swift */ = {isa = PBXFileReference; lastKnownFileType = sourcecode.swift; path = LeatherBackground.swift; sourceTree = "<group>"; };
		G1000013229F0003 /* AgedPaperBackground.swift */ = {isa = PBXFileReference; lastKnownFileType = sourcecode.swift; path = AgedPaperBackground.swift; sourceTree = "<group>"; };
		G1000014229F0004 /* RedMarkerCircle.swift */ = {isa = PBXFileReference; lastKnownFileType = sourcecode.swift; path = RedMarkerCircle.swift; sourceTree = "<group>"; };
		H1000011229F0001 /* YardageDisplayView.swift */ = {isa = PBXFileReference; lastKnownFileType = sourcecode.swift; path = YardageDisplayView.swift; sourceTree = "<group>"; };
		H1000012229F0002 /* ClubShotBadgeView.swift */ = {isa = PBXFileReference; lastKnownFileType = sourcecode.swift; path = ClubShotBadgeView.swift; sourceTree = "<group>"; };
		H1000013229F0003 /* ResetIndicatorView.swift */ = {isa = PBXFileReference; lastKnownFileType = sourcecode.swift; path = ResetIndicatorView.swift; sourceTree = "<group>"; };
		H1000014229F0004 /* LadderTickMarkView.swift */ = {isa = PBXFileReference; lastKnownFileType = sourcecode.swift; path = LadderTickMarkView.swift; sourceTree = "<group>"; };
		H1000015229F0005 /* LadderClubMarkerView.swift */ = {isa = PBXFileReference; lastKnownFileType = sourcecode.swift; path = LadderClubMarkerView.swift; sourceTree = "<group>"; };
		H1000016229F0006 /* YardageLadderView.swift */ = {isa = PBXFileReference; lastKnownFileType = sourcecode.swift; path = YardageLadderView.swift; sourceTree = "<group>"; };
		H1000017229F0007 /* YardageBookPageView.swift */ = {isa = PBXFileReference; lastKnownFileType = sourcecode.swift; path = YardageBookPageView.swift; sourceTree = "<group>"; };
		I1000011229F0001 /* JournalCoverView.swift */ = {isa = PBXFileReference; lastKnownFileType = sourcecode.swift; path = JournalCoverView.swift; sourceTree = "<group>"; };
		I1000012229F0002 /* JournalOpeningAnimationView.swift */ = {isa = PBXFileReference; lastKnownFileType = sourcecode.swift; path = JournalOpeningAnimationView.swift; sourceTree = "<group>"; };
		I1000013229F0003 /* AppLaunchViewModel.swift */ = {isa = PBXFileReference; lastKnownFileType = sourcecode.swift; path = AppLaunchViewModel.swift; sourceTree = "<group>"; };
		J1000011229F0001 /* NicknameGenerator.swift */ = {isa = PBXFileReference; lastKnownFileType = sourcecode.swift; path = NicknameGenerator.swift; sourceTree = "<group>"; };
		J1000012229F0002 /* NicknameGeneratorTests.swift */ = {isa = PBXFileReference; lastKnownFileType = sourcecode.swift; path = NicknameGeneratorTests.swift; sourceTree = "<group>"; };
/* End PBXFileReference section */

/* Begin PBXFrameworksBuildPhase section */
		A1000500229F0500 /* Frameworks */ = {
			isa = PBXFrameworksBuildPhase;
			buildActionMask = 2147483647;
			files = (
			);
			runOnlyForDeploymentPostprocessing = 0;
		};
		A1000501229F0501 /* Frameworks */ = {
			isa = PBXFrameworksBuildPhase;
			buildActionMask = 2147483647;
			files = (
			);
			runOnlyForDeploymentPostprocessing = 0;
		};
		A1000502229F0502 /* Frameworks */ = {
			isa = PBXFrameworksBuildPhase;
			buildActionMask = 2147483647;
			files = (
			);
			runOnlyForDeploymentPostprocessing = 0;
		};
/* End PBXFrameworksBuildPhase section */

/* Begin PBXGroup section */
		A1000600229F0600 = {
			isa = PBXGroup;
			children = (
				A1000601229F0601 /* HTG */,
				A1000602229F0602 /* HTGTests */,
				A1000603229F0603 /* HTGUITests */,
				A1000604229F0604 /* Products */,
			);
			sourceTree = "<group>";
		};
		A1000601229F0601 /* HTG */ = {
			isa = PBXGroup;
			children = (
				A1000610229F0610 /* App */,
				A1000611229F0611 /* Features */,
				A1000612229F0612 /* Core */,
				A1000613229F0613 /* UIComponents */,
				A1000614229F0614 /* Resources */,
			);
			path = HTG;
			sourceTree = "<group>";
		};
		A1000602229F0602 /* HTGTests */ = {
			isa = PBXGroup;
			children = (
				A1000014229F0004 /* HTGTests.swift */,
				C1000012229F0002 /* ClubDataServiceTests.swift */,
				C1000014229F0004 /* ShotRecommendationServiceTests.swift */,
				C1000016229F0006 /* RangeDataServiceTests.swift */,
				C1000018229F0008 /* ProfileDataServiceTests.swift */,
				C100001A229F000A /* SpeechRecognitionServiceTests.swift */,
				F1000013229F0003 /* GolfModeViewModelTests.swift */,
				F1000016229F0006 /* AppSettingsServiceTests.swift */,
				C100001C229F000C /* ClubDistanceResolverTests.swift */,
				J1000012229F0002 /* NicknameGeneratorTests.swift */,
			);
			path = HTGTests;
			sourceTree = "<group>";
		};
		A1000603229F0603 /* HTGUITests */ = {
			isa = PBXGroup;
			children = (
				A1000015229F0005 /* HTGUITests.swift */,
				A1000016229F0006 /* HTGUITestsLaunchTests.swift */,
			);
			path = HTGUITests;
			sourceTree = "<group>";
		};
		A1000604229F0604 /* Products */ = {
			isa = PBXGroup;
			children = (
				A1000201229F0201 /* HTG.app */,
				A1000301229F0301 /* HTGTests.xctest */,
				A1000401229F0401 /* HTGUITests.xctest */,
			);
			name = Products;
			sourceTree = "<group>";
		};
		A1000610229F0610 /* App */ = {
			isa = PBXGroup;
			children = (
				A1000011229F0001 /* HTGApp.swift */,
				A1000012229F0002 /* ContentView.swift */,
			);
			path = App;
			sourceTree = "<group>";
		};
		A1000611229F0611 /* Features */ = {
			isa = PBXGroup;
			children = (
				D1000020229F0020 /* ClubManagement */,
				D1000021229F0021 /* RangeMode */,
				D1000022229F0022 /* GolfMode */,
				D1000023229F0023 /* Profile */,
				I1000030229F0030 /* Launch */,
			);
			path = Features;
			sourceTree = "<group>";
		};
		I1000030229F0030 /* Launch */ = {
			isa = PBXGroup;
			children = (
				I1000031229F0031 /* Views */,
				I1000032229F0032 /* ViewModels */,
			);
			path = Launch;
			sourceTree = "<group>";
		};
		I1000031229F0031 /* Views */ = {
			isa = PBXGroup;
			children = (
				I1000012229F0002 /* JournalOpeningAnimationView.swift */,
			);
			path = Views;
			sourceTree = "<group>";
		};
		I1000032229F0032 /* ViewModels */ = {
			isa = PBXGroup;
			children = (
				I1000013229F0003 /* AppLaunchViewModel.swift */,
			);
			path = ViewModels;
			sourceTree = "<group>";
		};
		D1000020229F0020 /* ClubManagement */ = {
			isa = PBXGroup;
			children = (
				E1000040229F0040 /* Views */,
				D1000030229F0030 /* ViewModels */,
			);
			path = ClubManagement;
			sourceTree = "<group>";
		};
		D1000021229F0021 /* RangeMode */ = {
			isa = PBXGroup;
			children = (
				E1000042229F0042 /* Views */,
				D1000031229F0031 /* ViewModels */,
			);
			path = RangeMode;
			sourceTree = "<group>";
		};
		D1000022229F0022 /* GolfMode */ = {
			isa = PBXGroup;
			children = (
				E1000041229F0041 /* Views */,
				D1000032229F0032 /* ViewModels */,
				F1000020229F0020 /* Models */,
			);
			path = GolfMode;
			sourceTree = "<group>";
		};
		F1000020229F0020 /* Models */ = {
			isa = PBXGroup;
			children = (
				F1000012229F0002 /* LadderEntry.swift */,
			);
			path = Models;
			sourceTree = "<group>";
		};
		D1000023229F0023 /* Profile */ = {
			isa = PBXGroup;
			children = (
				E1000043229F0043 /* Views */,
				D1000033229F0033 /* ViewModels */,
			);
			path = Profile;
			sourceTree = "<group>";
		};
		D1000030229F0030 /* ViewModels */ = {
			isa = PBXGroup;
			children = (
				D1000011229F0001 /* ClubManager.swift */,
			);
			path = ViewModels;
			sourceTree = "<group>";
		};
		D1000031229F0031 /* ViewModels */ = {
			isa = PBXGroup;
			children = (
				D1000012229F0002 /* RangeManager.swift */,
			);
			path = ViewModels;
			sourceTree = "<group>";
		};
		D1000032229F0032 /* ViewModels */ = {
			isa = PBXGroup;
			children = (
				D1000014229F0004 /* GolfModeViewModel.swift */,
			);
			path = ViewModels;
			sourceTree = "<group>";
		};
		D1000033229F0033 /* ViewModels */ = {
			isa = PBXGroup;
			children = (
				D1000013229F0003 /* ProfileManager.swift */,
			);
			path = ViewModels;
			sourceTree = "<group>";
		};
		E1000040229F0040 /* Views */ = {
			isa = PBXGroup;
			children = (
				E1000011229F0001 /* ClubListView.swift */,
			);
			path = Views;
			sourceTree = "<group>";
		};
		E1000041229F0041 /* Views */ = {
			isa = PBXGroup;
			children = (
				E1000012229F0002 /* GolfModeView.swift */,
			);
			path = Views;
			sourceTree = "<group>";
		};
		E1000042229F0042 /* Views */ = {
			isa = PBXGroup;
			children = (
				E1000013229F0003 /* RangeModeView.swift */,
			);
			path = Views;
			sourceTree = "<group>";
		};
		E1000043229F0043 /* Views */ = {
			isa = PBXGroup;
			children = (
				E1000014229F0004 /* ProfileView.swift */,
			);
			path = Views;
			sourceTree = "<group>";
		};
		A1000612229F0612 /* Core */ = {
			isa = PBXGroup;
			children = (
				A1000620229F0620 /* Models */,
				A1000621229F0621 /* Services */,
			);
			path = Core;
			sourceTree = "<group>";
		};
		A1000613229F0613 /* UIComponents */ = {
			isa = PBXGroup;
			children = (
				G1000020229F0020 /* Theme */,
				H1000020229F0020 /* GolfMode */,
				I1000020229F0020 /* Launch */,
			);
			path = UIComponents;
			sourceTree = "<group>";
		};
		I1000020229F0020 /* Launch */ = {
			isa = PBXGroup;
			children = (
				I1000011229F0001 /* JournalCoverView.swift */,
			);
			path = Launch;
			sourceTree = "<group>";
		};
		H1000020229F0020 /* GolfMode */ = {
			isa = PBXGroup;
			children = (
				H1000011229F0001 /* YardageDisplayView.swift */,
				H1000012229F0002 /* ClubShotBadgeView.swift */,
				H1000013229F0003 /* ResetIndicatorView.swift */,
				H1000014229F0004 /* LadderTickMarkView.swift */,
				H1000015229F0005 /* LadderClubMarkerView.swift */,
				H1000016229F0006 /* YardageLadderView.swift */,
				H1000017229F0007 /* YardageBookPageView.swift */,
			);
			path = GolfMode;
			sourceTree = "<group>";
		};
		G1000020229F0020 /* Theme */ = {
			isa = PBXGroup;
			children = (
				G1000011229F0001 /* JournalTheme.swift */,
				G1000012229F0002 /* LeatherBackground.swift */,
				G1000013229F0003 /* AgedPaperBackground.swift */,
				G1000014229F0004 /* RedMarkerCircle.swift */,
			);
			path = Theme;
			sourceTree = "<group>";
		};
		A1000614229F0614 /* Resources */ = {
			isa = PBXGroup;
			children = (
				A1000013229F0003 /* Assets.xcassets */,
			);
			path = Resources;
			sourceTree = "<group>";
		};
		A1000620229F0620 /* Models */ = {
			isa = PBXGroup;
			children = (
				B1000011229F0001 /* Club.swift */,
				B1000012229F0002 /* ShotType.swift */,
				B1000013229F0003 /* RangeSession.swift */,
				B1000014229F0004 /* Shot.swift */,
				B1000015229F0005 /* StoredShotType.swift */,
				B1000016229F0006 /* UserProfile.swift */,
				B1000017229F0007 /* ShotRecommendation.swift */,
				B1000018229F0008 /* RangeStats.swift */,
				F1000011229F0001 /* SelectedClubShot.swift */,
				F1000014229F0004 /* AppSettings.swift */,
			);
			path = Models;
			sourceTree = "<group>";
		};
		A1000621229F0621 /* Services */ = {
			isa = PBXGroup;
			children = (
				C1000011229F0001 /* ClubDataService.swift */,
				C1000013229F0003 /* ShotRecommendationService.swift */,
				C1000015229F0005 /* RangeDataService.swift */,
				C1000017229F0007 /* ProfileDataService.swift */,
				C1000019229F0009 /* SpeechRecognitionService.swift */,
				F1000015229F0005 /* AppSettingsService.swift */,
				C100001B229F000B /* ClubDistanceResolver.swift */,
				J1000011229F0001 /* NicknameGenerator.swift */,
			);
			path = Services;
			sourceTree = "<group>";
		};
/* End PBXGroup section */

/* Begin PBXNativeTarget section */
		A1000200229F0200 /* HTG */ = {
			isa = PBXNativeTarget;
			buildConfigurationList = A1000800229F0800 /* Build configuration list for PBXNativeTarget "HTG" */;
			buildPhases = (
				A1000700229F0700 /* Sources */,
				A1000500229F0500 /* Frameworks */,
				A1000701229F0701 /* Resources */,
			);
			buildRules = (
			);
			dependencies = (
			);
			name = HTG;
			packageProductDependencies = (
			);
			productName = HTG;
			productReference = A1000201229F0201 /* HTG.app */;
			productType = "com.apple.product-type.application";
		};
		A1000300229F0300 /* HTGTests */ = {
			isa = PBXNativeTarget;
			buildConfigurationList = A1000801229F0801 /* Build configuration list for PBXNativeTarget "HTGTests" */;
			buildPhases = (
				A1000702229F0702 /* Sources */,
				A1000501229F0501 /* Frameworks */,
				A1000703229F0703 /* Resources */,
			);
			buildRules = (
			);
			dependencies = (
				A1000022229F0022 /* PBXTargetDependency */,
			);
			name = HTGTests;
			packageProductDependencies = (
			);
			productName = HTGTests;
			productReference = A1000301229F0301 /* HTGTests.xctest */;
			productType = "com.apple.product-type.bundle.unit-test";
		};
		A1000400229F0400 /* HTGUITests */ = {
			isa = PBXNativeTarget;
			buildConfigurationList = A1000802229F0802 /* Build configuration list for PBXNativeTarget "HTGUITests" */;
			buildPhases = (
				A1000704229F0704 /* Sources */,
				A1000502229F0502 /* Frameworks */,
				A1000705229F0705 /* Resources */,
			);
			buildRules = (
			);
			dependencies = (
				A1000023229F0023 /* PBXTargetDependency */,
			);
			name = HTGUITests;
			packageProductDependencies = (
			);
			productName = HTGUITests;
			productReference = A1000401229F0401 /* HTGUITests.xctest */;
			productType = "com.apple.product-type.bundle.ui-testing";
		};
/* End PBXNativeTarget section */

/* Begin PBXProject section */
		A1000100229F0100 /* Project object */ = {
			isa = PBXProject;
			attributes = {
				BuildIndependentTargetsInParallel = 1;
				LastSwiftUpdateCheck = 1600;
				LastUpgradeCheck = 1600;
				TargetAttributes = {
					A1000200229F0200 = {
						CreatedOnToolsVersion = 16.0;
					};
					A1000300229F0300 = {
						CreatedOnToolsVersion = 16.0;
						TestTargetID = A1000200229F0200;
					};
					A1000400229F0400 = {
						CreatedOnToolsVersion = 16.0;
						TestTargetID = A1000200229F0200;
					};
				};
			};
			buildConfigurationList = A1000803229F0803 /* Build configuration list for PBXProject "HTG" */;
			compatibilityVersion = "Xcode 15.0";
			developmentRegion = en;
			hasScannedForEncodings = 0;
			knownRegions = (
				en,
				Base,
			);
			mainGroup = A1000600229F0600;
			minimizedProjectReferenceProxies = 1;
			productRefGroup = A1000604229F0604 /* Products */;
			projectDirPath = "";
			projectRoot = "";
			targets = (
				A1000200229F0200 /* HTG */,
				A1000300229F0300 /* HTGTests */,
				A1000400229F0400 /* HTGUITests */,
			);
		};
/* End PBXProject section */

/* Begin PBXResourcesBuildPhase section */
		A1000701229F0701 /* Resources */ = {
			isa = PBXResourcesBuildPhase;
			buildActionMask = 2147483647;
			files = (
				A1000003229F0003 /* Assets.xcassets in Resources */,
			);
			runOnlyForDeploymentPostprocessing = 0;
		};
		A1000703229F0703 /* Resources */ = {
			isa = PBXResourcesBuildPhase;
			buildActionMask = 2147483647;
			files = (
			);
			runOnlyForDeploymentPostprocessing = 0;
		};
		A1000705229F0705 /* Resources */ = {
			isa = PBXResourcesBuildPhase;
			buildActionMask = 2147483647;
			files = (
			);
			runOnlyForDeploymentPostprocessing = 0;
		};
/* End PBXResourcesBuildPhase section */

/* Begin PBXSourcesBuildPhase section */
		A1000700229F0700 /* Sources */ = {
			isa = PBXSourcesBuildPhase;
			buildActionMask = 2147483647;
			files = (
				A1000001229F0001 /* HTGApp.swift in Sources */,
				A1000002229F0002 /* ContentView.swift in Sources */,
				B1000001229F0001 /* Club.swift in Sources */,
				B1000002229F0002 /* ShotType.swift in Sources */,
				B1000003229F0003 /* RangeSession.swift in Sources */,
				B1000004229F0004 /* Shot.swift in Sources */,
				B1000005229F0005 /* StoredShotType.swift in Sources */,
				B1000006229F0006 /* UserProfile.swift in Sources */,
				B1000007229F0007 /* ShotRecommendation.swift in Sources */,
				B1000008229F0008 /* RangeStats.swift in Sources */,
				C1000001229F0001 /* ClubDataService.swift in Sources */,
				C1000003229F0003 /* ShotRecommendationService.swift in Sources */,
				C1000005229F0005 /* RangeDataService.swift in Sources */,
				C1000007229F0007 /* ProfileDataService.swift in Sources */,
				C1000009229F0009 /* SpeechRecognitionService.swift in Sources */,
				D1000001229F0001 /* ClubManager.swift in Sources */,
				D1000002229F0002 /* RangeManager.swift in Sources */,
				D1000003229F0003 /* ProfileManager.swift in Sources */,
				D1000004229F0004 /* GolfModeViewModel.swift in Sources */,
				E1000001229F0001 /* ClubListView.swift in Sources */,
				E1000002229F0002 /* GolfModeView.swift in Sources */,
				E1000003229F0003 /* RangeModeView.swift in Sources */,
				E1000004229F0004 /* ProfileView.swift in Sources */,
				F1000001229F0001 /* SelectedClubShot.swift in Sources */,
				F1000002229F0002 /* LadderEntry.swift in Sources */,
				F1000004229F0004 /* AppSettings.swift in Sources */,
				F1000005229F0005 /* AppSettingsService.swift in Sources */,
				G1000001229F0001 /* JournalTheme.swift in Sources */,
				G1000002229F0002 /* LeatherBackground.swift in Sources */,
				G1000003229F0003 /* AgedPaperBackground.swift in Sources */,
				G1000004229F0004 /* RedMarkerCircle.swift in Sources */,
				H1000001229F0001 /* YardageDisplayView.swift in Sources */,
				H1000002229F0002 /* ClubShotBadgeView.swift in Sources */,
				H1000003229F0003 /* ResetIndicatorView.swift in Sources */,
				H1000004229F0004 /* LadderTickMarkView.swift in Sources */,
				H1000005229F0005 /* LadderClubMarkerView.swift in Sources */,
				H1000006229F0006 /* YardageLadderView.swift in Sources */,
				H1000007229F0007 /* YardageBookPageView.swift in Sources */,
				I1000001229F0001 /* JournalCoverView.swift in Sources */,
				I1000002229F0002 /* JournalOpeningAnimationView.swift in Sources */,
				I1000003229F0003 /* AppLaunchViewModel.swift in Sources */,
				C100000B229F000B /* ClubDistanceResolver.swift in Sources */,
				J1000001229F0001 /* NicknameGenerator.swift in Sources */,
			);
			runOnlyForDeploymentPostprocessing = 0;
		};
		A1000702229F0702 /* Sources */ = {
			isa = PBXSourcesBuildPhase;
			buildActionMask = 2147483647;
			files = (
				A1000004229F0004 /* HTGTests.swift in Sources */,
				C1000002229F0002 /* ClubDataServiceTests.swift in Sources */,
				C1000004229F0004 /* ShotRecommendationServiceTests.swift in Sources */,
				C1000006229F0006 /* RangeDataServiceTests.swift in Sources */,
				C1000008229F0008 /* ProfileDataServiceTests.swift in Sources */,
				C100000A229F000A /* SpeechRecognitionServiceTests.swift in Sources */,
				F1000003229F0003 /* GolfModeViewModelTests.swift in Sources */,
				F1000006229F0006 /* AppSettingsServiceTests.swift in Sources */,
				C100000C229F000C /* ClubDistanceResolverTests.swift in Sources */,
				J1000002229F0002 /* NicknameGeneratorTests.swift in Sources */,
			);
			runOnlyForDeploymentPostprocessing = 0;
		};
		A1000704229F0704 /* Sources */ = {
			isa = PBXSourcesBuildPhase;
			buildActionMask = 2147483647;
			files = (
				A1000005229F0005 /* HTGUITests.swift in Sources */,
				A1000006229F0006 /* HTGUITestsLaunchTests.swift in Sources */,
			);
			runOnlyForDeploymentPostprocessing = 0;
		};
/* End PBXSourcesBuildPhase section */

/* Begin PBXTargetDependency section */
		A1000022229F0022 /* PBXTargetDependency */ = {
			isa = PBXTargetDependency;
			target = A1000200229F0200 /* HTG */;
			targetProxy = A1000020229F0020 /* PBXContainerItemProxy */;
		};
		A1000023229F0023 /* PBXTargetDependency */ = {
			isa = PBXTargetDependency;
			target = A1000200229F0200 /* HTG */;
			targetProxy = A1000021229F0021 /* PBXContainerItemProxy */;
		};
/* End PBXTargetDependency section */

/* Begin XCBuildConfiguration section */
		A1000900229F0900 /* Debug */ = {
			isa = XCBuildConfiguration;
			buildSettings = {
				ALWAYS_SEARCH_USER_PATHS = NO;
				ASSETCATALOG_COMPILER_GENERATE_SWIFT_ASSET_SYMBOL_EXTENSIONS = YES;
				CLANG_ANALYZER_NONNULL = YES;
				CLANG_ANALYZER_NUMBER_OBJECT_CONVERSION = YES_AGGRESSIVE;
				CLANG_CXX_LANGUAGE_STANDARD = "gnu++20";
				CLANG_ENABLE_MODULES = YES;
				CLANG_ENABLE_OBJC_ARC = YES;
				CLANG_ENABLE_OBJC_WEAK = YES;
				CLANG_WARN_BLOCK_CAPTURE_AUTORELEASING = YES;
				CLANG_WARN_BOOL_CONVERSION = YES;
				CLANG_WARN_COMMA = YES;
				CLANG_WARN_CONSTANT_CONVERSION = YES;
				CLANG_WARN_DEPRECATED_OBJC_IMPLEMENTATIONS = YES;
				CLANG_WARN_DIRECT_OBJC_ISA_USAGE = YES_ERROR;
				CLANG_WARN_DOCUMENTATION_COMMENTS = YES;
				CLANG_WARN_EMPTY_BODY = YES;
				CLANG_WARN_ENUM_CONVERSION = YES;
				CLANG_WARN_INFINITE_RECURSION = YES;
				CLANG_WARN_INT_CONVERSION = YES;
				CLANG_WARN_NON_LITERAL_NULL_CONVERSION = YES;
				CLANG_WARN_OBJC_IMPLICIT_RETAIN_SELF = YES;
				CLANG_WARN_OBJC_LITERAL_CONVERSION = YES;
				CLANG_WARN_OBJC_ROOT_CLASS = YES_ERROR;
				CLANG_WARN_QUOTED_INCLUDE_IN_FRAMEWORK_HEADER = YES;
				CLANG_WARN_RANGE_LOOP_ANALYSIS = YES;
				CLANG_WARN_STRICT_PROTOTYPES = YES;
				CLANG_WARN_SUSPICIOUS_MOVE = YES;
				CLANG_WARN_UNGUARDED_AVAILABILITY = YES_AGGRESSIVE;
				CLANG_WARN_UNREACHABLE_CODE = YES;
				CLANG_WARN__DUPLICATE_METHOD_MATCH = YES;
				COPY_PHASE_STRIP = NO;
				DEBUG_INFORMATION_FORMAT = dwarf;
				ENABLE_STRICT_OBJC_MSGSEND = YES;
				ENABLE_TESTABILITY = YES;
				ENABLE_USER_SCRIPT_SANDBOXING = YES;
				GCC_C_LANGUAGE_STANDARD = gnu17;
				GCC_DYNAMIC_NO_PIC = NO;
				GCC_NO_COMMON_BLOCKS = YES;
				GCC_OPTIMIZATION_LEVEL = 0;
				GCC_PREPROCESSOR_DEFINITIONS = (
					"DEBUG=1",
					"$(inherited)",
				);
				GCC_WARN_64_TO_32_BIT_CONVERSION = YES;
				GCC_WARN_ABOUT_RETURN_TYPE = YES_ERROR;
				GCC_WARN_UNDECLARED_SELECTOR = YES;
				GCC_WARN_UNINITIALIZED_AUTOS = YES_AGGRESSIVE;
				GCC_WARN_UNUSED_FUNCTION = YES;
				GCC_WARN_UNUSED_VARIABLE = YES;
				IPHONEOS_DEPLOYMENT_TARGET = 18.0;
				LOCALIZATION_PREFERS_STRING_CATALOGS = YES;
				MTL_ENABLE_DEBUG_INFO = INCLUDE_SOURCE;
				MTL_FAST_MATH = YES;
				ONLY_ACTIVE_ARCH = YES;
				SDKROOT = iphoneos;
				SWIFT_ACTIVE_COMPILATION_CONDITIONS = "DEBUG $(inherited)";
				SWIFT_OPTIMIZATION_LEVEL = "-Onone";
				SWIFT_STRICT_CONCURRENCY = complete;
				SWIFT_VERSION = 6.0;
			};
			name = Debug;
		};
		A1000901229F0901 /* Release */ = {
			isa = XCBuildConfiguration;
			buildSettings = {
				ALWAYS_SEARCH_USER_PATHS = NO;
				ASSETCATALOG_COMPILER_GENERATE_SWIFT_ASSET_SYMBOL_EXTENSIONS = YES;
				CLANG_ANALYZER_NONNULL = YES;
				CLANG_ANALYZER_NUMBER_OBJECT_CONVERSION = YES_AGGRESSIVE;
				CLANG_CXX_LANGUAGE_STANDARD = "gnu++20";
				CLANG_ENABLE_MODULES = YES;
				CLANG_ENABLE_OBJC_ARC = YES;
				CLANG_ENABLE_OBJC_WEAK = YES;
				CLANG_WARN_BLOCK_CAPTURE_AUTORELEASING = YES;
				CLANG_WARN_BOOL_CONVERSION = YES;
				CLANG_WARN_COMMA = YES;
				CLANG_WARN_CONSTANT_CONVERSION = YES;
				CLANG_WARN_DEPRECATED_OBJC_IMPLEMENTATIONS = YES;
				CLANG_WARN_DIRECT_OBJC_ISA_USAGE = YES_ERROR;
				CLANG_WARN_DOCUMENTATION_COMMENTS = YES;
				CLANG_WARN_EMPTY_BODY = YES;
				CLANG_WARN_ENUM_CONVERSION = YES;
				CLANG_WARN_INFINITE_RECURSION = YES;
				CLANG_WARN_INT_CONVERSION = YES;
				CLANG_WARN_NON_LITERAL_NULL_CONVERSION = YES;
				CLANG_WARN_OBJC_IMPLICIT_RETAIN_SELF = YES;
				CLANG_WARN_OBJC_LITERAL_CONVERSION = YES;
				CLANG_WARN_OBJC_ROOT_CLASS = YES_ERROR;
				CLANG_WARN_QUOTED_INCLUDE_IN_FRAMEWORK_HEADER = YES;
				CLANG_WARN_RANGE_LOOP_ANALYSIS = YES;
				CLANG_WARN_STRICT_PROTOTYPES = YES;
				CLANG_WARN_SUSPICIOUS_MOVE = YES;
				CLANG_WARN_UNGUARDED_AVAILABILITY = YES_AGGRESSIVE;
				CLANG_WARN_UNREACHABLE_CODE = YES;
				CLANG_WARN__DUPLICATE_METHOD_MATCH = YES;
				COPY_PHASE_STRIP = NO;
				DEBUG_INFORMATION_FORMAT = "dwarf-with-dsym";
				ENABLE_NS_ASSERTIONS = NO;
				ENABLE_STRICT_OBJC_MSGSEND = YES;
				ENABLE_USER_SCRIPT_SANDBOXING = YES;
				GCC_C_LANGUAGE_STANDARD = gnu17;
				GCC_NO_COMMON_BLOCKS = YES;
				GCC_WARN_64_TO_32_BIT_CONVERSION = YES;
				GCC_WARN_ABOUT_RETURN_TYPE = YES_ERROR;
				GCC_WARN_UNDECLARED_SELECTOR = YES;
				GCC_WARN_UNINITIALIZED_AUTOS = YES_AGGRESSIVE;
				GCC_WARN_UNUSED_FUNCTION = YES;
				GCC_WARN_UNUSED_VARIABLE = YES;
				IPHONEOS_DEPLOYMENT_TARGET = 18.0;
				LOCALIZATION_PREFERS_STRING_CATALOGS = YES;
				MTL_ENABLE_DEBUG_INFO = NO;
				MTL_FAST_MATH = YES;
				SDKROOT = iphoneos;
				SWIFT_COMPILATION_MODE = wholemodule;
				SWIFT_STRICT_CONCURRENCY = complete;
				SWIFT_VERSION = 6.0;
				VALIDATE_PRODUCT = YES;
			};
			name = Release;
		};
		A1000902229F0902 /* Debug */ = {
			isa = XCBuildConfiguration;
			buildSettings = {
				ASSETCATALOG_COMPILER_APPICON_NAME = AppIcon;
				ASSETCATALOG_COMPILER_GLOBAL_ACCENT_COLOR_NAME = AccentColor;
				CODE_SIGN_STYLE = Automatic;
				CURRENT_PROJECT_VERSION = 1;
				DEVELOPMENT_ASSET_PATHS = "";
				ENABLE_PREVIEWS = YES;
				GENERATE_INFOPLIST_FILE = YES;
				INFOPLIST_KEY_UIApplicationSceneManifest_Generation = YES;
				INFOPLIST_KEY_UIApplicationSupportsIndirectInputEvents = YES;
				INFOPLIST_KEY_UILaunchScreen_Generation = YES;
				INFOPLIST_KEY_UISupportedInterfaceOrientations_iPad = "UIInterfaceOrientationPortrait UIInterfaceOrientationPortraitUpsideDown UIInterfaceOrientationLandscapeLeft UIInterfaceOrientationLandscapeRight";
				INFOPLIST_KEY_UISupportedInterfaceOrientations_iPhone = "UIInterfaceOrientationPortrait UIInterfaceOrientationLandscapeLeft UIInterfaceOrientationLandscapeRight";
				LD_RUNPATH_SEARCH_PATHS = (
					"$(inherited)",
					"@executable_path/Frameworks",
				);
				MARKETING_VERSION = 1.0;
				PRODUCT_BUNDLE_IDENTIFIER = com.htg.HTG;
				PRODUCT_NAME = "$(TARGET_NAME)";
				SWIFT_EMIT_LOC_STRINGS = YES;
				TARGETED_DEVICE_FAMILY = "1,2";
			};
			name = Debug;
		};
		A1000903229F0903 /* Release */ = {
			isa = XCBuildConfiguration;
			buildSettings = {
				ASSETCATALOG_COMPILER_APPICON_NAME = AppIcon;
				ASSETCATALOG_COMPILER_GLOBAL_ACCENT_COLOR_NAME = AccentColor;
				CODE_SIGN_STYLE = Automatic;
				CURRENT_PROJECT_VERSION = 1;
				DEVELOPMENT_ASSET_PATHS = "";
				ENABLE_PREVIEWS = YES;
				GENERATE_INFOPLIST_FILE = YES;
				INFOPLIST_KEY_UIApplicationSceneManifest_Generation = YES;
				INFOPLIST_KEY_UIApplicationSupportsIndirectInputEvents = YES;
				INFOPLIST_KEY_UILaunchScreen_Generation = YES;
				INFOPLIST_KEY_UISupportedInterfaceOrientations_iPad = "UIInterfaceOrientationPortrait UIInterfaceOrientationPortraitUpsideDown UIInterfaceOrientationLandscapeLeft UIInterfaceOrientationLandscapeRight";
				INFOPLIST_KEY_UISupportedInterfaceOrientations_iPhone = "UIInterfaceOrientationPortrait UIInterfaceOrientationLandscapeLeft UIInterfaceOrientationLandscapeRight";
				LD_RUNPATH_SEARCH_PATHS = (
					"$(inherited)",
					"@executable_path/Frameworks",
				);
				MARKETING_VERSION = 1.0;
				PRODUCT_BUNDLE_IDENTIFIER = com.htg.HTG;
				PRODUCT_NAME = "$(TARGET_NAME)";
				SWIFT_EMIT_LOC_STRINGS = YES;
				TARGETED_DEVICE_FAMILY = "1,2";
			};
			name = Release;
		};
		A1000904229F0904 /* Debug */ = {
			isa = XCBuildConfiguration;
			buildSettings = {
				BUNDLE_LOADER = "$(TEST_HOST)";
				CODE_SIGN_STYLE = Automatic;
				CURRENT_PROJECT_VERSION = 1;
				GENERATE_INFOPLIST_FILE = YES;
				IPHONEOS_DEPLOYMENT_TARGET = 18.0;
				MARKETING_VERSION = 1.0;
				PRODUCT_BUNDLE_IDENTIFIER = com.htg.HTGTests;
				PRODUCT_NAME = "$(TARGET_NAME)";
				SWIFT_EMIT_LOC_STRINGS = NO;
				TARGETED_DEVICE_FAMILY = "1,2";
				TEST_HOST = "$(BUILT_PRODUCTS_DIR)/HTG.app/$(BUNDLE_EXECUTABLE_FOLDER_PATH)/HTG";
			};
			name = Debug;
		};
		A1000905229F0905 /* Release */ = {
			isa = XCBuildConfiguration;
			buildSettings = {
				BUNDLE_LOADER = "$(TEST_HOST)";
				CODE_SIGN_STYLE = Automatic;
				CURRENT_PROJECT_VERSION = 1;
				GENERATE_INFOPLIST_FILE = YES;
				IPHONEOS_DEPLOYMENT_TARGET = 18.0;
				MARKETING_VERSION = 1.0;
				PRODUCT_BUNDLE_IDENTIFIER = com.htg.HTGTests;
				PRODUCT_NAME = "$(TARGET_NAME)";
				SWIFT_EMIT_LOC_STRINGS = NO;
				TARGETED_DEVICE_FAMILY = "1,2";
				TEST_HOST = "$(BUILT_PRODUCTS_DIR)/HTG.app/$(BUNDLE_EXECUTABLE_FOLDER_PATH)/HTG";
			};
			name = Release;
		};
		A1000906229F0906 /* Debug */ = {
			isa = XCBuildConfiguration;
			buildSettings = {
				CODE_SIGN_STYLE = Automatic;
				CURRENT_PROJECT_VERSION = 1;
				GENERATE_INFOPLIST_FILE = YES;
				MARKETING_VERSION = 1.0;
				PRODUCT_BUNDLE_IDENTIFIER = com.htg.HTGUITests;
				PRODUCT_NAME = "$(TARGET_NAME)";
				SWIFT_EMIT_LOC_STRINGS = NO;
				TARGETED_DEVICE_FAMILY = "1,2";
				TEST_TARGET_NAME = HTG;
			};
			name = Debug;
		};
		A1000907229F0907 /* Release */ = {
			isa = XCBuildConfiguration;
			buildSettings = {
				CODE_SIGN_STYLE = Automatic;
				CURRENT_PROJECT_VERSION = 1;
				GENERATE_INFOPLIST_FILE = YES;
				MARKETING_VERSION = 1.0;
				PRODUCT_BUNDLE_IDENTIFIER = com.htg.HTGUITests;
				PRODUCT_NAME = "$(TARGET_NAME)";
				SWIFT_EMIT_LOC_STRINGS = NO;
				TARGETED_DEVICE_FAMILY = "1,2";
				TEST_TARGET_NAME = HTG;
			};
			name = Release;
		};
/* End XCBuildConfiguration section */

/* Begin XCConfigurationList section */
		A1000800229F0800 /* Build configuration list for PBXNativeTarget "HTG" */ = {
			isa = XCConfigurationList;
			buildConfigurations = (
				A1000902229F0902 /* Debug */,
				A1000903229F0903 /* Release */,
			);
			defaultConfigurationIsVisible = 0;
			defaultConfigurationName = Release;
		};
		A1000801229F0801 /* Build configuration list for PBXNativeTarget "HTGTests" */ = {
			isa = XCConfigurationList;
			buildConfigurations = (
				A1000904229F0904 /* Debug */,
				A1000905229F0905 /* Release */,
			);
			defaultConfigurationIsVisible = 0;
			defaultConfigurationName = Release;
		};
		A1000802229F0802 /* Build configuration list for PBXNativeTarget "HTGUITests" */ = {
			isa = XCConfigurationList;
			buildConfigurations = (
				A1000906229F0906 /* Debug */,
				A1000907229F0907 /* Release */,
			);
			defaultConfigurationIsVisible = 0;
			defaultConfigurationName = Release;
		};
		A1000803229F0803 /* Build configuration list for PBXProject "HTG" */ = {
			isa = XCConfigurationList;
			buildConfigurations = (
				A1000900229F0900 /* Debug */,
				A1000901229F0901 /* Release */,
			);
			defaultConfigurationIsVisible = 0;
			defaultConfigurationName = Release;
		};
/* End XCConfigurationList section */
	};
	rootObject = A1000100229F0100 /* Project object */;
}
